// !$*UTF8*$!
{
	archiveVersion = 1;
	classes = {
	};
	objectVersion = 46;
	objects = {

/* Begin PBXBuildFile section */
		9199BF18811AC393C2E0BD94 /* Pods_Social_media.framework in Frameworks */ = {isa = PBXBuildFile; fileRef = 69FE5C105253FC5BC5D854A5 /* Pods_Social_media.framework */; };
		EA9FBEF01F56F6DA00C9E3D3 /* AppDelegate.swift in Sources */ = {isa = PBXBuildFile; fileRef = EA9FBEEF1F56F6DA00C9E3D3 /* AppDelegate.swift */; };
		EA9FBEF21F56F6DA00C9E3D3 /* SignInVC.swift in Sources */ = {isa = PBXBuildFile; fileRef = EA9FBEF11F56F6DA00C9E3D3 /* SignInVC.swift */; };
		EA9FBEF51F56F6DA00C9E3D3 /* Main.storyboard in Resources */ = {isa = PBXBuildFile; fileRef = EA9FBEF31F56F6DA00C9E3D3 /* Main.storyboard */; };
		EA9FBEF81F56F6DA00C9E3D3 /* Social_media.xcdatamodeld in Sources */ = {isa = PBXBuildFile; fileRef = EA9FBEF61F56F6DA00C9E3D3 /* Social_media.xcdatamodeld */; };
		EA9FBEFA1F56F6DA00C9E3D3 /* Assets.xcassets in Resources */ = {isa = PBXBuildFile; fileRef = EA9FBEF91F56F6DA00C9E3D3 /* Assets.xcassets */; };
		EA9FBEFD1F56F6DA00C9E3D3 /* LaunchScreen.storyboard in Resources */ = {isa = PBXBuildFile; fileRef = EA9FBEFB1F56F6DA00C9E3D3 /* LaunchScreen.storyboard */; };
		EA9FBF051F56F89000C9E3D3 /* GoogleService-Info.plist in Resources */ = {isa = PBXBuildFile; fileRef = EA9FBF041F56F89000C9E3D3 /* GoogleService-Info.plist */; };
/* End PBXBuildFile section */

/* Begin PBXFileReference section */
		2B70722234B9583AF40B0586 /* Pods-Social media.release.xcconfig */ = {isa = PBXFileReference; includeInIndex = 1; lastKnownFileType = text.xcconfig; name = "Pods-Social media.release.xcconfig"; path = "Pods/Target Support Files/Pods-Social media/Pods-Social media.release.xcconfig"; sourceTree = "<group>"; };
		451F9CCE6915BDF26B6DFA91 /* Pods-Social media.debug.xcconfig */ = {isa = PBXFileReference; includeInIndex = 1; lastKnownFileType = text.xcconfig; name = "Pods-Social media.debug.xcconfig"; path = "Pods/Target Support Files/Pods-Social media/Pods-Social media.debug.xcconfig"; sourceTree = "<group>"; };
		69FE5C105253FC5BC5D854A5 /* Pods_Social_media.framework */ = {isa = PBXFileReference; explicitFileType = wrapper.framework; includeInIndex = 0; path = Pods_Social_media.framework; sourceTree = BUILT_PRODUCTS_DIR; };
		EA9FBEEC1F56F6DA00C9E3D3 /* Social media.app */ = {isa = PBXFileReference; explicitFileType = wrapper.application; includeInIndex = 0; path = "Social media.app"; sourceTree = BUILT_PRODUCTS_DIR; };
		EA9FBEEF1F56F6DA00C9E3D3 /* AppDelegate.swift */ = {isa = PBXFileReference; lastKnownFileType = sourcecode.swift; path = AppDelegate.swift; sourceTree = "<group>"; };
		EA9FBEF11F56F6DA00C9E3D3 /* SignInVC.swift */ = {isa = PBXFileReference; lastKnownFileType = sourcecode.swift; path = SignInVC.swift; sourceTree = "<group>"; };
		EA9FBEF41F56F6DA00C9E3D3 /* Base */ = {isa = PBXFileReference; lastKnownFileType = file.storyboard; name = Base; path = Base.lproj/Main.storyboard; sourceTree = "<group>"; };
		EA9FBEF71F56F6DA00C9E3D3 /* Social_media.xcdatamodel */ = {isa = PBXFileReference; lastKnownFileType = wrapper.xcdatamodel; path = Social_media.xcdatamodel; sourceTree = "<group>"; };
		EA9FBEF91F56F6DA00C9E3D3 /* Assets.xcassets */ = {isa = PBXFileReference; lastKnownFileType = folder.assetcatalog; path = Assets.xcassets; sourceTree = "<group>"; };
		EA9FBEFC1F56F6DA00C9E3D3 /* Base */ = {isa = PBXFileReference; lastKnownFileType = file.storyboard; name = Base; path = Base.lproj/LaunchScreen.storyboard; sourceTree = "<group>"; };
		EA9FBEFE1F56F6DA00C9E3D3 /* Info.plist */ = {isa = PBXFileReference; lastKnownFileType = text.plist.xml; path = Info.plist; sourceTree = "<group>"; };
		EA9FBF041F56F89000C9E3D3 /* GoogleService-Info.plist */ = {isa = PBXFileReference; fileEncoding = 4; lastKnownFileType = text.plist.xml; path = "GoogleService-Info.plist"; sourceTree = "<group>"; };
/* End PBXFileReference section */

/* Begin PBXFrameworksBuildPhase section */
		EA9FBEE91F56F6DA00C9E3D3 /* Frameworks */ = {
			isa = PBXFrameworksBuildPhase;
			buildActionMask = 2147483647;
			files = (
				9199BF18811AC393C2E0BD94 /* Pods_Social_media.framework in Frameworks */,
			);
			runOnlyForDeploymentPostprocessing = 0;
		};
/* End PBXFrameworksBuildPhase section */

/* Begin PBXGroup section */
		97975273AA32EFFACD678D32 /* Frameworks */ = {
			isa = PBXGroup;
			children = (
				69FE5C105253FC5BC5D854A5 /* Pods_Social_media.framework */,
			);
			name = Frameworks;
			sourceTree = "<group>";
		};
		B0A665693FE8DEAEA63F06D2 /* Pods */ = {
			isa = PBXGroup;
			children = (
				451F9CCE6915BDF26B6DFA91 /* Pods-Social media.debug.xcconfig */,
				2B70722234B9583AF40B0586 /* Pods-Social media.release.xcconfig */,
			);
			name = Pods;
			sourceTree = "<group>";
		};
		EA9FBEE31F56F6DA00C9E3D3 = {
			isa = PBXGroup;
			children = (
				EA9FBEEE1F56F6DA00C9E3D3 /* Social media */,
				EA9FBEED1F56F6DA00C9E3D3 /* Products */,
				B0A665693FE8DEAEA63F06D2 /* Pods */,
				97975273AA32EFFACD678D32 /* Frameworks */,
			);
			sourceTree = "<group>";
		};
		EA9FBEED1F56F6DA00C9E3D3 /* Products */ = {
			isa = PBXGroup;
			children = (
				EA9FBEEC1F56F6DA00C9E3D3 /* Social media.app */,
			);
			name = Products;
			sourceTree = "<group>";
		};
		EA9FBEEE1F56F6DA00C9E3D3 /* Social media */ = {
			isa = PBXGroup;
			children = (
				EAD799E31F56FBC8005D205D /* Controller */,
				EAD799E21F56FBC3005D205D /* View */,
				EAD799E11F56FBBE005D205D /* Model */,
				EA9FBEEF1F56F6DA00C9E3D3 /* AppDelegate.swift */,
				EA9FBEF31F56F6DA00C9E3D3 /* Main.storyboard */,
				EA9FBEF91F56F6DA00C9E3D3 /* Assets.xcassets */,
				EA9FBEFB1F56F6DA00C9E3D3 /* LaunchScreen.storyboard */,
				EA9FBEFE1F56F6DA00C9E3D3 /* Info.plist */,
				EA9FBEF61F56F6DA00C9E3D3 /* Social_media.xcdatamodeld */,
				EA9FBF041F56F89000C9E3D3 /* GoogleService-Info.plist */,
			);
			path = "Social media";
			sourceTree = "<group>";
		};
		EAD799E11F56FBBE005D205D /* Model */ = {
			isa = PBXGroup;
			children = (
			);
			name = Model;
			sourceTree = "<group>";
		};
		EAD799E21F56FBC3005D205D /* View */ = {
			isa = PBXGroup;
			children = (
			);
			name = View;
			sourceTree = "<group>";
		};
		EAD799E31F56FBC8005D205D /* Controller */ = {
			isa = PBXGroup;
			children = (
				EA9FBEF11F56F6DA00C9E3D3 /* SignInVC.swift */,
			);
			name = Controller;
			sourceTree = "<group>";
		};
/* End PBXGroup section */

/* Begin PBXNativeTarget section */
		EA9FBEEB1F56F6DA00C9E3D3 /* Social media */ = {
			isa = PBXNativeTarget;
			buildConfigurationList = EA9FBF011F56F6DA00C9E3D3 /* Build configuration list for PBXNativeTarget "Social media" */;
			buildPhases = (
				B4C70B9CD5FB4ACA8439FE70 /* [CP] Check Pods Manifest.lock */,
				EA9FBEE81F56F6DA00C9E3D3 /* Sources */,
				EA9FBEE91F56F6DA00C9E3D3 /* Frameworks */,
				EA9FBEEA1F56F6DA00C9E3D3 /* Resources */,
				DC9A52EE34FAB788FC712B5E /* [CP] Embed Pods Frameworks */,
				DAB8416743EF578B875C0612 /* [CP] Copy Pods Resources */,
			);
			buildRules = (
			);
			dependencies = (
			);
			name = "Social media";
			productName = "Social media";
			productReference = EA9FBEEC1F56F6DA00C9E3D3 /* Social media.app */;
			productType = "com.apple.product-type.application";
		};
/* End PBXNativeTarget section */

/* Begin PBXProject section */
		EA9FBEE41F56F6DA00C9E3D3 /* Project object */ = {
			isa = PBXProject;
			attributes = {
				LastSwiftUpdateCheck = 0830;
				LastUpgradeCheck = 0830;
				ORGANIZATIONNAME = "Bucur Dragos";
				TargetAttributes = {
					EA9FBEEB1F56F6DA00C9E3D3 = {
						CreatedOnToolsVersion = 8.3.3;
						DevelopmentTeam = RLH4C22HPP;
						ProvisioningStyle = Automatic;
					};
				};
			};
			buildConfigurationList = EA9FBEE71F56F6DA00C9E3D3 /* Build configuration list for PBXProject "Social media" */;
			compatibilityVersion = "Xcode 3.2";
			developmentRegion = English;
			hasScannedForEncodings = 0;
			knownRegions = (
				en,
				Base,
			);
			mainGroup = EA9FBEE31F56F6DA00C9E3D3;
			productRefGroup = EA9FBEED1F56F6DA00C9E3D3 /* Products */;
			projectDirPath = "";
			projectRoot = "";
			targets = (
				EA9FBEEB1F56F6DA00C9E3D3 /* Social media */,
			);
		};
/* End PBXProject section */

/* Begin PBXResourcesBuildPhase section */
		EA9FBEEA1F56F6DA00C9E3D3 /* Resources */ = {
			isa = PBXResourcesBuildPhase;
			buildActionMask = 2147483647;
			files = (
				EA9FBEFD1F56F6DA00C9E3D3 /* LaunchScreen.storyboard in Resources */,
				EA9FBEFA1F56F6DA00C9E3D3 /* Assets.xcassets in Resources */,
				EA9FBEF51F56F6DA00C9E3D3 /* Main.storyboard in Resources */,
				EA9FBF051F56F89000C9E3D3 /* GoogleService-Info.plist in Resources */,
			);
			runOnlyForDeploymentPostprocessing = 0;
		};
/* End PBXResourcesBuildPhase section */

/* Begin PBXShellScriptBuildPhase section */
		B4C70B9CD5FB4ACA8439FE70 /* [CP] Check Pods Manifest.lock */ = {
			isa = PBXShellScriptBuildPhase;
			buildActionMask = 2147483647;
			files = (
			);
			inputPaths = (
				"${PODS_PODFILE_DIR_PATH}/Podfile.lock",
				"${PODS_ROOT}/Manifest.lock",
			);
			name = "[CP] Check Pods Manifest.lock";
			outputPaths = (
				"$(DERIVED_FILE_DIR)/Pods-Social media-checkManifestLockResult.txt",
			);
			runOnlyForDeploymentPostprocessing = 0;
			shellPath = /bin/sh;
			shellScript = "diff \"${PODS_PODFILE_DIR_PATH}/Podfile.lock\" \"${PODS_ROOT}/Manifest.lock\" > /dev/null\nif [ $? != 0 ] ; then\n    # print error to STDERR\n    echo \"error: The sandbox is not in sync with the Podfile.lock. Run 'pod install' or update your CocoaPods installation.\" >&2\n    exit 1\nfi\n# This output is used by Xcode 'outputs' to avoid re-running this script phase.\necho \"SUCCESS\" > \"${SCRIPT_OUTPUT_FILE_0}\"\n";
			showEnvVarsInLog = 0;
		};
		DAB8416743EF578B875C0612 /* [CP] Copy Pods Resources */ = {
			isa = PBXShellScriptBuildPhase;
			buildActionMask = 2147483647;
			files = (
			);
			inputPaths = (
			);
			name = "[CP] Copy Pods Resources";
			outputPaths = (
			);
			runOnlyForDeploymentPostprocessing = 0;
			shellPath = /bin/sh;
			shellScript = "\"${SRCROOT}/Pods/Target Support Files/Pods-Social media/Pods-Social media-resources.sh\"\n";
			showEnvVarsInLog = 0;
		};
		DC9A52EE34FAB788FC712B5E /* [CP] Embed Pods Frameworks */ = {
			isa = PBXShellScriptBuildPhase;
			buildActionMask = 2147483647;
			files = (
			);
			inputPaths = (
				"${SRCROOT}/Pods/Target Support Files/Pods-Social media/Pods-Social media-frameworks.sh",
				"${BUILT_PRODUCTS_DIR}/GTMSessionFetcher/GTMSessionFetcher.framework",
				"${BUILT_PRODUCTS_DIR}/GoogleToolboxForMac/GoogleToolboxForMac.framework",
				"${BUILT_PRODUCTS_DIR}/nanopb/nanopb.framework",
			);
			name = "[CP] Embed Pods Frameworks";
			outputPaths = (
				"${TARGET_BUILD_DIR}/${FRAMEWORKS_FOLDER_PATH}/GTMSessionFetcher.framework",
				"${TARGET_BUILD_DIR}/${FRAMEWORKS_FOLDER_PATH}/GoogleToolboxForMac.framework",
				"${TARGET_BUILD_DIR}/${FRAMEWORKS_FOLDER_PATH}/nanopb.framework",
			);
			runOnlyForDeploymentPostprocessing = 0;
			shellPath = /bin/sh;
			shellScript = "\"${SRCROOT}/Pods/Target Support Files/Pods-Social media/Pods-Social media-frameworks.sh\"\n";
			showEnvVarsInLog = 0;
		};
/* End PBXShellScriptBuildPhase section */

/* Begin PBXSourcesBuildPhase section */
		EA9FBEE81F56F6DA00C9E3D3 /* Sources */ = {
			isa = PBXSourcesBuildPhase;
			buildActionMask = 2147483647;
			files = (
				EA9FBEF81F56F6DA00C9E3D3 /* Social_media.xcdatamodeld in Sources */,
				EA9FBEF21F56F6DA00C9E3D3 /* SignInVC.swift in Sources */,
				EA9FBEF01F56F6DA00C9E3D3 /* AppDelegate.swift in Sources */,
			);
			runOnlyForDeploymentPostprocessing = 0;
		};
/* End PBXSourcesBuildPhase section */

/* Begin PBXVariantGroup section */
		EA9FBEF31F56F6DA00C9E3D3 /* Main.storyboard */ = {
			isa = PBXVariantGroup;
			children = (
				EA9FBEF41F56F6DA00C9E3D3 /* Base */,
			);
			name = Main.storyboard;
			sourceTree = "<group>";
		};
		EA9FBEFB1F56F6DA00C9E3D3 /* LaunchScreen.storyboard */ = {
			isa = PBXVariantGroup;
			children = (
				EA9FBEFC1F56F6DA00C9E3D3 /* Base */,
			);
			name = LaunchScreen.storyboard;
			sourceTree = "<group>";
		};
/* End PBXVariantGroup section */

/* Begin XCBuildConfiguration section */
		EA9FBEFF1F56F6DA00C9E3D3 /* Debug */ = {
			isa = XCBuildConfiguration;
			buildSettings = {
				ALWAYS_SEARCH_USER_PATHS = NO;
				CLANG_ANALYZER_NONNULL = YES;
				CLANG_ANALYZER_NUMBER_OBJECT_CONVERSION = YES_AGGRESSIVE;
				CLANG_CXX_LANGUAGE_STANDARD = "gnu++0x";
				CLANG_CXX_LIBRARY = "libc++";
				CLANG_ENABLE_MODULES = YES;
				CLANG_ENABLE_OBJC_ARC = YES;
				CLANG_WARN_BOOL_CONVERSION = YES;
				CLANG_WARN_CONSTANT_CONVERSION = YES;
				CLANG_WARN_DIRECT_OBJC_ISA_USAGE = YES_ERROR;
				CLANG_WARN_DOCUMENTATION_COMMENTS = YES;
				CLANG_WARN_EMPTY_BODY = YES;
				CLANG_WARN_ENUM_CONVERSION = YES;
				CLANG_WARN_INFINITE_RECURSION = YES;
				CLANG_WARN_INT_CONVERSION = YES;
				CLANG_WARN_OBJC_ROOT_CLASS = YES_ERROR;
				CLANG_WARN_SUSPICIOUS_MOVE = YES;
				CLANG_WARN_UNREACHABLE_CODE = YES;
				CLANG_WARN__DUPLICATE_METHOD_MATCH = YES;
				"CODE_SIGN_IDENTITY[sdk=iphoneos*]" = "iPhone Developer";
				COPY_PHASE_STRIP = NO;
				DEBUG_INFORMATION_FORMAT = dwarf;
				ENABLE_STRICT_OBJC_MSGSEND = YES;
				ENABLE_TESTABILITY = YES;
				GCC_C_LANGUAGE_STANDARD = gnu99;
				GCC_DYNAMIC_NO_PIC = NO;
				GCC_NO_COMMON_BLOCKS = YES;
				GCC_OPTIMIZATION_LEVEL = 0;
				GCC_PREPROCESSOR_DEFINITIONS = (
					"DEBUG=1",
					"$(inherited)",
				);
				GCC_WARN_64_TO_32_BIT_CONVERSION = YES;
				GCC_WARN_ABOUT_RETURN_TYPE = YES_ERROR;
				GCC_WARN_UNDECLARED_SELECTOR = YES;
				GCC_WARN_UNINITIALIZED_AUTOS = YES_AGGRESSIVE;
				GCC_WARN_UNUSED_FUNCTION = YES;
				GCC_WARN_UNUSED_VARIABLE = YES;
				IPHONEOS_DEPLOYMENT_TARGET = 10.3;
				MTL_ENABLE_DEBUG_INFO = YES;
				ONLY_ACTIVE_ARCH = YES;
				SDKROOT = iphoneos;
				SWIFT_ACTIVE_COMPILATION_CONDITIONS = DEBUG;
				SWIFT_OPTIMIZATION_LEVEL = "-Onone";
				TARGETED_DEVICE_FAMILY = "1,2";
			};
			name = Debug;
		};
		EA9FBF001F56F6DA00C9E3D3 /* Release */ = {
			isa = XCBuildConfiguration;
			buildSettings = {
				ALWAYS_SEARCH_USER_PATHS = NO;
				CLANG_ANALYZER_NONNULL = YES;
				CLANG_ANALYZER_NUMBER_OBJECT_CONVERSION = YES_AGGRESSIVE;
				CLANG_CXX_LANGUAGE_STANDARD = "gnu++0x";
				CLANG_CXX_LIBRARY = "libc++";
				CLANG_ENABLE_MODULES = YES;
				CLANG_ENABLE_OBJC_ARC = YES;
				CLANG_WARN_BOOL_CONVERSION = YES;
				CLANG_WARN_CONSTANT_CONVERSION = YES;
				CLANG_WARN_DIRECT_OBJC_ISA_USAGE = YES_ERROR;
				CLANG_WARN_DOCUMENTATION_COMMENTS = YES;
				CLANG_WARN_EMPTY_BODY = YES;
				CLANG_WARN_ENUM_CONVERSION = YES;
				CLANG_WARN_INFINITE_RECURSION = YES;
				CLANG_WARN_INT_CONVERSION = YES;
				CLANG_WARN_OBJC_ROOT_CLASS = YES_ERROR;
				CLANG_WARN_SUSPICIOUS_MOVE = YES;
				CLANG_WARN_UNREACHABLE_CODE = YES;
				CLANG_WARN__DUPLICATE_METHOD_MATCH = YES;
				"CODE_SIGN_IDENTITY[sdk=iphoneos*]" = "iPhone Developer";
				COPY_PHASE_STRIP = NO;
				DEBUG_INFORMATION_FORMAT = "dwarf-with-dsym";
				ENABLE_NS_ASSERTIONS = NO;
				ENABLE_STRICT_OBJC_MSGSEND = YES;
				GCC_C_LANGUAGE_STANDARD = gnu99;
				GCC_NO_COMMON_BLOCKS = YES;
				GCC_WARN_64_TO_32_BIT_CONVERSION = YES;
				GCC_WARN_ABOUT_RETURN_TYPE = YES_ERROR;
				GCC_WARN_UNDECLARED_SELECTOR = YES;
				GCC_WARN_UNINITIALIZED_AUTOS = YES_AGGRESSIVE;
				GCC_WARN_UNUSED_FUNCTION = YES;
				GCC_WARN_UNUSED_VARIABLE = YES;
				IPHONEOS_DEPLOYMENT_TARGET = 10.3;
				MTL_ENABLE_DEBUG_INFO = NO;
				SDKROOT = iphoneos;
				SWIFT_OPTIMIZATION_LEVEL = "-Owholemodule";
				TARGETED_DEVICE_FAMILY = "1,2";
				VALIDATE_PRODUCT = YES;
			};
			name = Release;
		};
		EA9FBF021F56F6DA00C9E3D3 /* Debug */ = {
			isa = XCBuildConfiguration;
			baseConfigurationReference = 451F9CCE6915BDF26B6DFA91 /* Pods-Social media.debug.xcconfig */;
			buildSettings = {
				ASSETCATALOG_COMPILER_APPICON_NAME = AppIcon;
				DEVELOPMENT_TEAM = RLH4C22HPP;
				INFOPLIST_FILE = "Social media/Info.plist";
				LD_RUNPATH_SEARCH_PATHS = "$(inherited) @executable_path/Frameworks";
				PRODUCT_BUNDLE_IDENTIFIER = "ro.seniorprogramming.Social-media";
				PRODUCT_NAME = "$(TARGET_NAME)";
				SWIFT_VERSION = 3.0;
			};
			name = Debug;
		};
		EA9FBF031F56F6DA00C9E3D3 /* Release */ = {
			isa = XCBuildConfiguration;
			baseConfigurationReference = 2B70722234B9583AF40B0586 /* Pods-Social media.release.xcconfig */;
			buildSettings = {
				ASSETCATALOG_COMPILER_APPICON_NAME = AppIcon;
				DEVELOPMENT_TEAM = RLH4C22HPP;
				INFOPLIST_FILE = "Social media/Info.plist";
				LD_RUNPATH_SEARCH_PATHS = "$(inherited) @executable_path/Frameworks";
				PRODUCT_BUNDLE_IDENTIFIER = "ro.seniorprogramming.Social-media";
				PRODUCT_NAME = "$(TARGET_NAME)";
				SWIFT_VERSION = 3.0;
			};
			name = Release;
		};
/* End XCBuildConfiguration section */

/* Begin XCConfigurationList section */
		EA9FBEE71F56F6DA00C9E3D3 /* Build configuration list for PBXProject "Social media" */ = {
			isa = XCConfigurationList;
			buildConfigurations = (
				EA9FBEFF1F56F6DA00C9E3D3 /* Debug */,
				EA9FBF001F56F6DA00C9E3D3 /* Release */,
			);
			defaultConfigurationIsVisible = 0;
			defaultConfigurationName = Release;
		};
		EA9FBF011F56F6DA00C9E3D3 /* Build configuration list for PBXNativeTarget "Social media" */ = {
			isa = XCConfigurationList;
			buildConfigurations = (
				EA9FBF021F56F6DA00C9E3D3 /* Debug */,
				EA9FBF031F56F6DA00C9E3D3 /* Release */,
			);
			defaultConfigurationIsVisible = 0;
			defaultConfigurationName = Release;
		};
/* End XCConfigurationList section */

/* Begin XCVersionGroup section */
		EA9FBEF61F56F6DA00C9E3D3 /* Social_media.xcdatamodeld */ = {
			isa = XCVersionGroup;
			children = (
				EA9FBEF71F56F6DA00C9E3D3 /* Social_media.xcdatamodel */,
			);
			currentVersion = EA9FBEF71F56F6DA00C9E3D3 /* Social_media.xcdatamodel */;
			path = Social_media.xcdatamodeld;
			sourceTree = "<group>";
			versionGroupType = wrapper.xcdatamodel;
		};
/* End XCVersionGroup section */
	};
	rootObject = EA9FBEE41F56F6DA00C9E3D3 /* Project object */;
}
